// !$*UTF8*$!
{
	archiveVersion = 1;
	classes = {
	};
	objectVersion = 50;
	objects = {

/* Begin PBXBuildFile section */
		FB5561A924BA16BF00E15C9C /* AppDelegate.swift in Sources */ = {isa = PBXBuildFile; fileRef = FB5561A824BA16BF00E15C9C /* AppDelegate.swift */; };
		FB5561AB24BA16BF00E15C9C /* SceneDelegate.swift in Sources */ = {isa = PBXBuildFile; fileRef = FB5561AA24BA16BF00E15C9C /* SceneDelegate.swift */; };
		FB5561AD24BA16BF00E15C9C /* ViewController.swift in Sources */ = {isa = PBXBuildFile; fileRef = FB5561AC24BA16BF00E15C9C /* ViewController.swift */; };
		FB5561B024BA16C000E15C9C /* Main.storyboard in Resources */ = {isa = PBXBuildFile; fileRef = FB5561AE24BA16C000E15C9C /* Main.storyboard */; };
		FB5561B224BA16C900E15C9C /* Assets.xcassets in Resources */ = {isa = PBXBuildFile; fileRef = FB5561B124BA16C900E15C9C /* Assets.xcassets */; };
		FB5561B524BA16C900E15C9C /* LaunchScreen.storyboard in Resources */ = {isa = PBXBuildFile; fileRef = FB5561B324BA16C900E15C9C /* LaunchScreen.storyboard */; };
/* End PBXBuildFile section */

/* Begin PBXFileReference section */
		FB5561A524BA16BF00E15C9C /* Colecciones1.app */ = {isa = PBXFileReference; explicitFileType = wrapper.application; includeInIndex = 0; path = Colecciones1.app; sourceTree = BUILT_PRODUCTS_DIR; };
		FB5561A824BA16BF00E15C9C /* AppDelegate.swift */ = {isa = PBXFileReference; lastKnownFileType = sourcecode.swift; path = AppDelegate.swift; sourceTree = "<group>"; };
		FB5561AA24BA16BF00E15C9C /* SceneDelegate.swift */ = {isa = PBXFileReference; lastKnownFileType = sourcecode.swift; path = SceneDelegate.swift; sourceTree = "<group>"; };
		FB5561AC24BA16BF00E15C9C /* ViewController.swift */ = {isa = PBXFileReference; lastKnownFileType = sourcecode.swift; path = ViewController.swift; sourceTree = "<group>"; };
		FB5561AF24BA16C000E15C9C /* Base */ = {isa = PBXFileReference; lastKnownFileType = file.storyboard; name = Base; path = Base.lproj/Main.storyboard; sourceTree = "<group>"; };
		FB5561B124BA16C900E15C9C /* Assets.xcassets */ = {isa = PBXFileReference; lastKnownFileType = folder.assetcatalog; path = Assets.xcassets; sourceTree = "<group>"; };
		FB5561B424BA16C900E15C9C /* Base */ = {isa = PBXFileReference; lastKnownFileType = file.storyboard; name = Base; path = Base.lproj/LaunchScreen.storyboard; sourceTree = "<group>"; };
		FB5561B624BA16C900E15C9C /* Info.plist */ = {isa = PBXFileReference; lastKnownFileType = text.plist.xml; path = Info.plist; sourceTree = "<group>"; };
/* End PBXFileReference section */

/* Begin PBXFrameworksBuildPhase section */
		FB5561A224BA16BF00E15C9C /* Frameworks */ = {
			isa = PBXFrameworksBuildPhase;
			buildActionMask = 2147483647;
			files = (
			);
			runOnlyForDeploymentPostprocessing = 0;
		};
/* End PBXFrameworksBuildPhase section */

/* Begin PBXGroup section */
		FB55619C24BA16BF00E15C9C = {
			isa = PBXGroup;
			children = (
				FB5561A724BA16BF00E15C9C /* Colecciones1 */,
				FB5561A624BA16BF00E15C9C /* Products */,
			);
			sourceTree = "<group>";
		};
		FB5561A624BA16BF00E15C9C /* Products */ = {
			isa = PBXGroup;
			children = (
				FB5561A524BA16BF00E15C9C /* Colecciones1.app */,
			);
			name = Products;
			sourceTree = "<group>";
		};
		FB5561A724BA16BF00E15C9C /* Colecciones1 */ = {
			isa = PBXGroup;
			children = (
				FB5561A824BA16BF00E15C9C /* AppDelegate.swift */,
				FB5561AA24BA16BF00E15C9C /* SceneDelegate.swift */,
				FB5561AC24BA16BF00E15C9C /* ViewController.swift */,
				FB5561AE24BA16C000E15C9C /* Main.storyboard */,
				FB5561B124BA16C900E15C9C /* Assets.xcassets */,
				FB5561B324BA16C900E15C9C /* LaunchScreen.storyboard */,
				FB5561B624BA16C900E15C9C /* Info.plist */,
			);
			path = Colecciones1;
			sourceTree = "<group>";
		};
/* End PBXGroup section */

/* Begin PBXNativeTarget section */
		FB5561A424BA16BF00E15C9C /* Colecciones1 */ = {
			isa = PBXNativeTarget;
			buildConfigurationList = FB5561B924BA16C900E15C9C /* Build configuration list for PBXNativeTarget "Colecciones1" */;
			buildPhases = (
				FB5561A124BA16BF00E15C9C /* Sources */,
				FB5561A224BA16BF00E15C9C /* Frameworks */,
				FB5561A324BA16BF00E15C9C /* Resources */,
			);
			buildRules = (
			);
			dependencies = (
			);
			name = Colecciones1;
			productName = Colecciones1;
			productReference = FB5561A524BA16BF00E15C9C /* Colecciones1.app */;
			productType = "com.apple.product-type.application";
		};
/* End PBXNativeTarget section */

/* Begin PBXProject section */
		FB55619D24BA16BF00E15C9C /* Project object */ = {
			isa = PBXProject;
			attributes = {
				LastSwiftUpdateCheck = 1130;
				LastUpgradeCheck = 1130;
				ORGANIZATIONNAME = "Ronaldo Andre Vargas Huaman";
				TargetAttributes = {
					FB5561A424BA16BF00E15C9C = {
						CreatedOnToolsVersion = 11.3;
					};
				};
			};
			buildConfigurationList = FB5561A024BA16BF00E15C9C /* Build configuration list for PBXProject "Colecciones1" */;
			compatibilityVersion = "Xcode 9.3";
			developmentRegion = en;
			hasScannedForEncodings = 0;
			knownRegions = (
				en,
				Base,
			);
			mainGroup = FB55619C24BA16BF00E15C9C;
			productRefGroup = FB5561A624BA16BF00E15C9C /* Products */;
			projectDirPath = "";
			projectRoot = "";
			targets = (
				FB5561A424BA16BF00E15C9C /* Colecciones1 */,
			);
		};
/* End PBXProject section */

/* Begin PBXResourcesBuildPhase section */
		FB5561A324BA16BF00E15C9C /* Resources */ = {
			isa = PBXResourcesBuildPhase;
			buildActionMask = 2147483647;
			files = (
				FB5561B524BA16C900E15C9C /* LaunchScreen.storyboard in Resources */,
				FB5561B224BA16C900E15C9C /* Assets.xcassets in Resources */,
				FB5561B024BA16C000E15C9C /* Main.storyboard in Resources */,
			);
			runOnlyForDeploymentPostprocessing = 0;
		};
/* End PBXResourcesBuildPhase section */

/* Begin PBXSourcesBuildPhase section */
		FB5561A124BA16BF00E15C9C /* Sources */ = {
			isa = PBXSourcesBuildPhase;
			buildActionMask = 2147483647;
			files = (
				FB5561AD24BA16BF00E15C9C /* ViewController.swift in Sources */,
				FB5561A924BA16BF00E15C9C /* AppDelegate.swift in Sources */,
				FB5561AB24BA16BF00E15C9C /* SceneDelegate.swift in Sources */,
			);
			runOnlyForDeploymentPostprocessing = 0;
		};
/* End PBXSourcesBuildPhase section */

/* Begin PBXVariantGroup section */
		FB5561AE24BA16C000E15C9C /* Main.storyboard */ = {
			isa = PBXVariantGroup;
			children = (
				FB5561AF24BA16C000E15C9C /* Base */,
			);
			name = Main.storyboard;
			sourceTree = "<group>";
		};
		FB5561B324BA16C900E15C9C /* LaunchScreen.storyboard */ = {
			isa = PBXVariantGroup;
			children = (
				FB5561B424BA16C900E15C9C /* Base */,
			);
			name = LaunchScreen.storyboard;
			sourceTree = "<group>";
		};
/* End PBXVariantGroup section */

/* Begin XCBuildConfiguration section */
		FB5561B724BA16C900E15C9C /* Debug */ = {
			isa = XCBuildConfiguration;
			buildSettings = {
				ALWAYS_SEARCH_USER_PATHS = NO;
				CLANG_ANALYZER_NONNULL = YES;
				CLANG_ANALYZER_NUMBER_OBJECT_CONVERSION = YES_AGGRESSIVE;
				CLANG_CXX_LANGUAGE_STANDARD = "gnu++14";
				CLANG_CXX_LIBRARY = "libc++";
				CLANG_ENABLE_MODULES = YES;
				CLANG_ENABLE_OBJC_ARC = YES;
				CLANG_ENABLE_OBJC_WEAK = YES;
				CLANG_WARN_BLOCK_CAPTURE_AUTORELEASING = YES;
				CLANG_WARN_BOOL_CONVERSION = YES;
				CLANG_WARN_COMMA = YES;
				CLANG_WARN_CONSTANT_CONVERSION = YES;
				CLANG_WARN_DEPRECATED_OBJC_IMPLEMENTATIONS = YES;
				CLANG_WARN_DIRECT_OBJC_ISA_USAGE = YES_ERROR;
				CLANG_WARN_DOCUMENTATION_COMMENTS = YES;
				CLANG_WARN_EMPTY_BODY = YES;
				CLANG_WARN_ENUM_CONVERSION = YES;
				CLANG_WARN_INFINITE_RECURSION = YES;
				CLANG_WARN_INT_CONVERSION = YES;
				CLANG_WARN_NON_LITERAL_NULL_CONVERSION = YES;
				CLANG_WARN_OBJC_IMPLICIT_RETAIN_SELF = YES;
				CLANG_WARN_OBJC_LITERAL_CONVERSION = YES;
				CLANG_WARN_OBJC_ROOT_CLASS = YES_ERROR;
				CLANG_WARN_RANGE_LOOP_ANALYSIS = YES;
				CLANG_WARN_STRICT_PROTOTYPES = YES;
				CLANG_WARN_SUSPICIOUS_MOVE = YES;
				CLANG_WARN_UNGUARDED_AVAILABILITY = YES_AGGRESSIVE;
				CLANG_WARN_UNREACHABLE_CODE = YES;
				CLANG_WARN__DUPLICATE_METHOD_MATCH = YES;
				COPY_PHASE_STRIP = NO;
				DEBUG_INFORMATION_FORMAT = dwarf;
				ENABLE_STRICT_OBJC_MSGSEND = YES;
				ENABLE_TESTABILITY = YES;
				GCC_C_LANGUAGE_STANDARD = gnu11;
				GCC_DYNAMIC_NO_PIC = NO;
				GCC_NO_COMMON_BLOCKS = YES;
				GCC_OPTIMIZATION_LEVEL = 0;
				GCC_PREPROCESSOR_DEFINITIONS = (
					"DEBUG=1",
					"$(inherited)",
				);
				GCC_WARN_64_TO_32_BIT_CONVERSION = YES;
				GCC_WARN_ABOUT_RETURN_TYPE = YES_ERROR;
				GCC_WARN_UNDECLARED_SELECTOR = YES;
				GCC_WARN_UNINITIALIZED_AUTOS = YES_AGGRESSIVE;
				GCC_WARN_UNUSED_FUNCTION = YES;
				GCC_WARN_UNUSED_VARIABLE = YES;
				IPHONEOS_DEPLOYMENT_TARGET = 13.2;
				MTL_ENABLE_DEBUG_INFO = INCLUDE_SOURCE;
				MTL_FAST_MATH = YES;
				ONLY_ACTIVE_ARCH = YES;
				SDKROOT = iphoneos;
				SWIFT_ACTIVE_COMPILATION_CONDITIONS = DEBUG;
				SWIFT_OPTIMIZATION_LEVEL = "-Onone";
			};
			name = Debug;
		};
		FB5561B824BA16C900E15C9C /* Release */ = {
			isa = XCBuildConfiguration;
			buildSettings = {
				ALWAYS_SEARCH_USER_PATHS = NO;
				CLANG_ANALYZER_NONNULL = YES;
				CLANG_ANALYZER_NUMBER_OBJECT_CONVERSION = YES_AGGRESSIVE;
				CLANG_CXX_LANGUAGE_STANDARD = "gnu++14";
				CLANG_CXX_LIBRARY = "libc++";
				CLANG_ENABLE_MODULES = YES;
				CLANG_ENABLE_OBJC_ARC = YES;
				CLANG_ENABLE_OBJC_WEAK = YES;
				CLANG_WARN_BLOCK_CAPTURE_AUTORELEASING = YES;
				CLANG_WARN_BOOL_CONVERSION = YES;
				CLANG_WARN_COMMA = YES;
				CLANG_WARN_CONSTANT_CONVERSION = YES;
				CLANG_WARN_DEPRECATED_OBJC_IMPLEMENTATIONS = YES;
				CLANG_WARN_DIRECT_OBJC_ISA_USAGE = YES_ERROR;
				CLANG_WARN_DOCUMENTATION_COMMENTS = YES;
				CLANG_WARN_EMPTY_BODY = YES;
				CLANG_WARN_ENUM_CONVERSION = YES;
				CLANG_WARN_INFINITE_RECURSION = YES;
				CLANG_WARN_INT_CONVERSION = YES;
				CLANG_WARN_NON_LITERAL_NULL_CONVERSION = YES;
				CLANG_WARN_OBJC_IMPLICIT_RETAIN_SELF = YES;
				CLANG_WARN_OBJC_LITERAL_CONVERSION = YES;
				CLANG_WARN_OBJC_ROOT_CLASS = YES_ERROR;
				CLANG_WARN_RANGE_LOOP_ANALYSIS = YES;
				CLANG_WARN_STRICT_PROTOTYPES = YES;
				CLANG_WARN_SUSPICIOUS_MOVE = YES;
				CLANG_WARN_UNGUARDED_AVAILABILITY = YES_AGGRESSIVE;
				CLANG_WARN_UNREACHABLE_CODE = YES;
				CLANG_WARN__DUPLICATE_METHOD_MATCH = YES;
				COPY_PHASE_STRIP = NO;
				DEBUG_INFORMATION_FORMAT = "dwarf-with-dsym";
				ENABLE_NS_ASSERTIONS = NO;
				ENABLE_STRICT_OBJC_MSGSEND = YES;
				GCC_C_LANGUAGE_STANDARD = gnu11;
				GCC_NO_COMMON_BLOCKS = YES;
				GCC_WARN_64_TO_32_BIT_CONVERSION = YES;
				GCC_WARN_ABOUT_RETURN_TYPE = YES_ERROR;
				GCC_WARN_UNDECLARED_SELECTOR = YES;
				GCC_WARN_UNINITIALIZED_AUTOS = YES_AGGRESSIVE;
				GCC_WARN_UNUSED_FUNCTION = YES;
				GCC_WARN_UNUSED_VARIABLE = YES;
				IPHONEOS_DEPLOYMENT_TARGET = 13.2;
				MTL_ENABLE_DEBUG_INFO = NO;
				MTL_FAST_MATH = YES;
				SDKROOT = iphoneos;
				SWIFT_COMPILATION_MODE = wholemodule;
				SWIFT_OPTIMIZATION_LEVEL = "-O";
				VALIDATE_PRODUCT = YES;
			};
			name = Release;
		};
		FB5561BA24BA16C900E15C9C /* Debug */ = {
			isa = XCBuildConfiguration;
			buildSettings = {
				ASSETCATALOG_COMPILER_APPICON_NAME = AppIcon;
				CODE_SIGN_STYLE = Automatic;
				DEVELOPMENT_TEAM = H9JXH336V5;
				INFOPLIST_FILE = Colecciones1/Info.plist;
				LD_RUNPATH_SEARCH_PATHS = (
					"$(inherited)",
					"@executable_path/Frameworks",
				);
				PRODUCT_BUNDLE_IDENTIFIER = com.Ronaldo.Colecciones1;
				PRODUCT_NAME = "$(TARGET_NAME)";
				SWIFT_VERSION = 5.0;
				TARGETED_DEVICE_FAMILY = "1,2";
			};
			name = Debug;
		};
		FB5561BB24BA16C900E15C9C /* Release */ = {
			isa = XCBuildConfiguration;
			buildSettings = {
				ASSETCATALOG_COMPILER_APPICON_NAME = AppIcon;
				CODE_SIGN_STYLE = Automatic;
				DEVELOPMENT_TEAM = H9JXH336V5;
				INFOPLIST_FILE = Colecciones1/Info.plist;
				LD_RUNPATH_SEARCH_PATHS = (
					"$(inherited)",
					"@executable_path/Frameworks",
				);
				PRODUCT_BUNDLE_IDENTIFIER = com.Ronaldo.Colecciones1;
				PRODUCT_NAME = "$(TARGET_NAME)";
				SWIFT_VERSION = 5.0;
				TARGETED_DEVICE_FAMILY = "1,2";
			};
			name = Release;
		};
/* End XCBuildConfiguration section */

/* Begin XCConfigurationList section */
		FB5561A024BA16BF00E15C9C /* Build configuration list for PBXProject "Colecciones1" */ = {
			isa = XCConfigurationList;
			buildConfigurations = (
				FB5561B724BA16C900E15C9C /* Debug */,
				FB5561B824BA16C900E15C9C /* Release */,
			);
			defaultConfigurationIsVisible = 0;
			defaultConfigurationName = Release;
		};
		FB5561B924BA16C900E15C9C /* Build configuration list for PBXNativeTarget "Colecciones1" */ = {
			isa = XCConfigurationList;
			buildConfigurations = (
				FB5561BA24BA16C900E15C9C /* Debug */,
				FB5561BB24BA16C900E15C9C /* Release */,
			);
			defaultConfigurationIsVisible = 0;
			defaultConfigurationName = Release;
		};
/* End XCConfigurationList section */
	};
	rootObject = FB55619D24BA16BF00E15C9C /* Project object */;
}
